<?xml version="1.0" encoding="UTF-8" standalone="yes" ?>
<CodeBlocks_project_file>
	<FileVersion major="1" minor="6" />
	<Project>
		<Option title="Nova" />
		<Option pch_mode="2" />
		<Option compiler="gcc" />
		<Build>
			<Target title="Win32-Debug">
				<Option platforms="Windows;" />
				<Option output="bin/Debug/Nova" prefix_auto="1" extension_auto="1" />
				<Option object_output="obj/Debug/" />
				<Option type="1" />
				<Option compiler="gcc" />
				<Compiler>
					<Add option="-g" />
					<Add option="-ftree-vectorize" />
					<Add directory="Libs/glad/include" />
				</Compiler>
				<Linker>
					<Add option="-lopengl32" />
				</Linker>
			</Target>
			<Target title="Win32-Release">
				<Option platforms="Windows;" />
				<Option output="bin/Release/Nova" prefix_auto="1" extension_auto="1" />
				<Option object_output="obj/Release/" />
				<Option type="0" />
				<Option compiler="gcc" />
				<Compiler>
					<Add option="-O2" />
					<Add option="-ftree-vectorize" />
					<Add directory="Libs/glad/include" />
				</Compiler>
				<Linker>
					<Add option="-s" />
					<Add option="-lopengl32" />
					<Add option="-mwindows" />
				</Linker>
			</Target>
		</Build>
		<Compiler>
			<Add option="-Wall" />
		</Compiler>
		<Unit filename="Common/Window.h" />
		<Unit filename="Common/Window_Windows.c">
			<Option compilerVar="CC" />
		</Unit>
		<Unit filename="Libs/glad/src/glad.c">
			<Option compilerVar="CC" />
		</Unit>
		<Unit filename="Math/Constants.h" />
		<Unit filename="Math/Math.c">
			<Option compilerVar="CC" />
		</Unit>
		<Unit filename="Math/Math.h" />
		<Unit filename="Math/Matrix.c">
			<Option compilerVar="CC" />
		</Unit>
		<Unit filename="Math/Matrix.h" />
		<Unit filename="Math/Transform.c">
			<Option compilerVar="CC" />
		</Unit>
		<Unit filename="Math/Vector.c">
			<Option compilerVar="CC" />
		</Unit>
		<Unit filename="Math/Vector.h" />
		<Unit filename="Nova/Engine.c">
			<Option compilerVar="CC" />
		</Unit>
		<Unit filename="Nova/Engine.h" />
		<Unit filename="Nova/Main.c">
			<Option compilerVar="CC" />
		</Unit>
		<Unit filename="Renderer/Rect.c">
			<Option compilerVar="CC" />
		</Unit>
		<Unit filename="Renderer/Renderer.c">
			<Option compilerVar="CC" />
		</Unit>
		<Unit filename="Renderer/Renderer.h" />
		<Unit filename="Renderer/Shader.c">
			<Option compilerVar="CC" />
		</Unit>
		<Unit filename="Renderer/Shader.h" />
		<Extensions />
	</Project>
</CodeBlocks_project_file>
